
Microsoft Visual Studio Solution File, Format Version 12.00
# Visual Studio 15
VisualStudioVersion = 15.0.27703.2026
MinimumVisualStudioVersion = 10.0.40219.1
Project("{FAE04EC0-301F-11D3-BF4B-00C04F79EFBC}") = "Entrada", "Entrada\Entrada.csproj", "{1EAFDD35-7AC9-433E-95F2-19DFA95310D7}"
EndProject
Global
	GlobalSection(SolutionConfigurationPlatforms) = preSolution
		Debug|Any CPU = Debug|Any CPU
		Release|Any CPU = Release|Any CPU
	EndGlobalSection
	GlobalSection(ProjectConfigurationPlatforms) = postSolution
		{1EAFDD35-7AC9-433E-95F2-19DFA95310D7}.Debug|Any CPU.ActiveCfg = Debug|Any CPU
		{1EAFDD35-7AC9-433E-95F2-19DFA95310D7}.Debug|Any CPU.Build.0 = Debug|Any CPU
		{1EAFDD35-7AC9-433E-95F2-19DFA95310D7}.Release|Any CPU.ActiveCfg = Release|Any CPU
		{1EAFDD35-7AC9-433E-95F2-19DFA95310D7}.Release|Any CPU.Build.0 = Release|Any CPU
	EndGlobalSection
	GlobalSection(SolutionProperties) = preSolution
		HideSolutionNode = FALSE
	EndGlobalSection
	GlobalSection(ExtensibilityGlobals) = postSolution
		SolutionGuid = {A418FC44-120E-4705-AE87-ED380B0F23E9}
	EndGlobalSection
EndGlobal
